
Microsoft Visual Studio Solution File, Format Version 12.00
# Visual Studio Version 17
VisualStudioVersion = 17.5.33424.131
MinimumVisualStudioVersion = 10.0.40219.1
Project("{FAE04EC0-301F-11D3-BF4B-00C04F79EFBC}") = "Nimbus.API", "Nimbus.API\Nimbus.API.csproj", "{16439CF7-BC34-4859-B80E-1668C3A60F9B}"
EndProject
Project("{9A19103F-16F7-4668-BE54-9A1E7A4F7556}") = "Nimbus.DataModels", "..\..\nimbus.datamodels\csharp-models\Nimbus.DataModels\Nimbus.DataModels\Nimbus.DataModels.csproj", "{0B552F4E-9D85-4CA8-9189-C69AC8DF6EF7}"
EndProject
Global
	GlobalSection(SolutionConfigurationPlatforms) = preSolution
		Debug|Any CPU = Debug|Any CPU
		Release|Any CPU = Release|Any CPU
	EndGlobalSection
	GlobalSection(ProjectConfigurationPlatforms) = postSolution
		{16439CF7-BC34-4859-B80E-1668C3A60F9B}.Debug|Any CPU.ActiveCfg = Debug|Any CPU
		{16439CF7-BC34-4859-B80E-1668C3A60F9B}.Debug|Any CPU.Build.0 = Debug|Any CPU
		{16439CF7-BC34-4859-B80E-1668C3A60F9B}.Release|Any CPU.ActiveCfg = Release|Any CPU
		{16439CF7-BC34-4859-B80E-1668C3A60F9B}.Release|Any CPU.Build.0 = Release|Any CPU
		{0B552F4E-9D85-4CA8-9189-C69AC8DF6EF7}.Debug|Any CPU.ActiveCfg = Debug|Any CPU
		{0B552F4E-9D85-4CA8-9189-C69AC8DF6EF7}.Debug|Any CPU.Build.0 = Debug|Any CPU
		{0B552F4E-9D85-4CA8-9189-C69AC8DF6EF7}.Release|Any CPU.ActiveCfg = Release|Any CPU
		{0B552F4E-9D85-4CA8-9189-C69AC8DF6EF7}.Release|Any CPU.Build.0 = Release|Any CPU
	EndGlobalSection
	GlobalSection(SolutionProperties) = preSolution
		HideSolutionNode = FALSE
	EndGlobalSection
	GlobalSection(ExtensibilityGlobals) = postSolution
		SolutionGuid = {1BFB632C-2135-4EAF-99A0-8AA5EBBB66A7}
	EndGlobalSection
EndGlobal
